
Microsoft Visual Studio Solution File, Format Version 12.00
# Visual Studio Version 17
VisualStudioVersion = 17.10.35013.160
MinimumVisualStudioVersion = 10.0.40219.1
Project("{9A19103F-16F7-4668-BE54-9A1E7A4F7556}") = "pruebaGestores", "pruebaGestores\pruebaGestores.csproj", "{E45D1C37-D443-40F7-94BB-204BCB2AEC33}"
EndProject
Global
	GlobalSection(SolutionConfigurationPlatforms) = preSolution
		Debug|Any CPU = Debug|Any CPU
		Release|Any CPU = Release|Any CPU
	EndGlobalSection
	GlobalSection(ProjectConfigurationPlatforms) = postSolution
		{E45D1C37-D443-40F7-94BB-204BCB2AEC33}.Debug|Any CPU.ActiveCfg = Debug|Any CPU
		{E45D1C37-D443-40F7-94BB-204BCB2AEC33}.Debug|Any CPU.Build.0 = Debug|Any CPU
		{E45D1C37-D443-40F7-94BB-204BCB2AEC33}.Release|Any CPU.ActiveCfg = Release|Any CPU
		{E45D1C37-D443-40F7-94BB-204BCB2AEC33}.Release|Any CPU.Build.0 = Release|Any CPU
	EndGlobalSection
	GlobalSection(SolutionProperties) = preSolution
		HideSolutionNode = FALSE
	EndGlobalSection
	GlobalSection(ExtensibilityGlobals) = postSolution
		SolutionGuid = {C9582143-741B-4D45-BE23-511AA4AA01A6}
	EndGlobalSection
EndGlobal
